<?xml version="1.0" encoding="utf-8"?>
<Project ToolsVersion="4.0" xmlns="http://schemas.microsoft.com/developer/msbuild/2003">
  <ItemGroup>
    <Filter Include="Systems">
      <UniqueIdentifier>{c6d23eb3-3107-49db-a8c8-c77ccf604cb8}</UniqueIdentifier>
    </Filter>
    <Filter Include="Components">
      <UniqueIdentifier>{56b3fe13-004b-43fd-b457-a4eb86af7a03}</UniqueIdentifier>
    </Filter>
    <Filter Include="Systems\Windows">
      <UniqueIdentifier>{a9a6892d-a174-4ecf-9051-22096c1be544}</UniqueIdentifier>
    </Filter>
    <Filter Include="BaseEngine">
      <UniqueIdentifier>{bf417f6b-67bf-4d2d-b7ce-57518bf2ca01}</UniqueIdentifier>
    </Filter>
    <Filter Include="BaseEngine\Core">
      <UniqueIdentifier>{db801eed-0fa3-4ce2-81b4-8a7a748e277d}</UniqueIdentifier>
    </Filter>
    <Filter Include="BaseEngine\Debug">
      <UniqueIdentifier>{b7ffd942-e440-4050-9fd7-6f0a5eabfd74}</UniqueIdentifier>
    </Filter>
    <Filter Include="BaseEngine\Factory">
      <UniqueIdentifier>{85c1ef1a-f8a4-4b55-9c3b-3ad669d778c3}</UniqueIdentifier>
    </Filter>
    <Filter Include="BaseEngine\Composition">
      <UniqueIdentifier>{db4f5ba9-f12a-4d16-ab88-1345ea66dbd7}</UniqueIdentifier>
    </Filter>
    <Filter Include="Systems\Console">
      <UniqueIdentifier>{b9273a1a-dd91-4b6a-9bd1-bac512dab055}</UniqueIdentifier>
    </Filter>
    <Filter Include="Systems\EventSystem">
      <UniqueIdentifier>{8d7bdbc4-26fc-462e-8269-43b053e50a1d}</UniqueIdentifier>
    </Filter>
    <Filter Include="Systems\EventSystem\Events">
      <UniqueIdentifier>{73f876f4-7d16-4bd5-8ff0-ae7e78aba2ff}</UniqueIdentifier>
    </Filter>
    <Filter Include="Includes">
      <UniqueIdentifier>{e4b8b44b-2973-4b89-96f2-04ea51c715d5}</UniqueIdentifier>
    </Filter>
    <Filter Include="BaseEngine\Types">
      <UniqueIdentifier>{41f02bec-f62a-4a96-afdb-b9e624740a51}</UniqueIdentifier>
    </Filter>
  </ItemGroup>
  <ItemGroup>
    <ClCompile Include="WinMain.cpp" />
    <ClCompile Include="Core.cpp">
      <Filter>BaseEngine\Core</Filter>
    </ClCompile>
    <ClCompile Include="WindowSystem.cpp">
      <Filter>Systems\Windows</Filter>
    </ClCompile>
    <ClCompile Include="DebugCode.cpp">
      <Filter>BaseEngine\Debug</Filter>
    </ClCompile>
    <ClCompile Include="Factory.cpp">
      <Filter>BaseEngine\Factory</Filter>
    </ClCompile>
    <ClCompile Include="EventSystem.cpp">
      <Filter>Systems\EventSystem</Filter>
    </ClCompile>
    <ClCompile Include="GOC.cpp">
      <Filter>BaseEngine\Composition</Filter>
    </ClCompile>
    <ClCompile Include="Console.cpp">
      <Filter>Systems\Console</Filter>
    </ClCompile>
    <ClCompile Include="Vec2.cpp">
      <Filter>BaseEngine\Types</Filter>
    </ClCompile>
    <ClCompile Include="BaseSystem.cpp">
      <Filter>Systems</Filter>
    </ClCompile>
    <ClCompile Include="BaseEventStaticMembers.cpp">
      <Filter>Systems\EventSystem\Events</Filter>
    </ClCompile>
  </ItemGroup>
  <ItemGroup>
    <ClInclude Include="Core.h">
      <Filter>BaseEngine\Core</Filter>
    </ClInclude>
    <ClInclude Include="WindowSystem.h">
      <Filter>Systems\Windows</Filter>
    </ClInclude>
    <ClInclude Include="DebugCode.h">
      <Filter>BaseEngine\Debug</Filter>
    </ClInclude>
    <ClInclude Include="Factory.h">
      <Filter>BaseEngine\Factory</Filter>
    </ClInclude>
    <ClInclude Include="EventSystem.h">
      <Filter>Systems\EventSystem</Filter>
    </ClInclude>
    <ClInclude Include="GOC.h">
      <Filter>BaseEngine\Composition</Filter>
    </ClInclude>
    <ClInclude Include="Component.h">
      <Filter>BaseEngine\Composition</Filter>
    </ClInclude>
    <ClInclude Include="ComponentTypeIds.h">
      <Filter>BaseEngine\Composition</Filter>
    </ClInclude>
    <ClInclude Include="ComponentCreator.h">
      <Filter>BaseEngine\Composition</Filter>
    </ClInclude>
    <ClInclude Include="Console.h">
      <Filter>Systems\Console</Filter>
    </ClInclude>
    <ClInclude Include="BaseEvent.h">
      <Filter>Systems\EventSystem\Events</Filter>
    </ClInclude>
    <ClInclude Include="InputEvent.h">
      <Filter>Systems\EventSystem\Events</Filter>
    </ClInclude>
    <ClInclude Include="Events.h">
      <Filter>Systems\EventSystem\Events</Filter>
    </ClInclude>
    <ClInclude Include="CinderWindows.h">
      <Filter>Includes</Filter>
    </ClInclude>
    <ClInclude Include="CinderDebug.h">
      <Filter>Includes</Filter>
    </ClInclude>
    <ClInclude Include="Vec2.h">
      <Filter>BaseEngine\Types</Filter>
    </ClInclude>
    <ClInclude Include="BaseSystem.h">
      <Filter>Systems</Filter>
    </ClInclude>
    <ClInclude Include="Transform.h">
      <Filter>Components</Filter>
    </ClInclude>
  </ItemGroup>
</Project>